// !$*UTF8*$!
{
	archiveVersion = 1;
	classes = {
	};
	objectVersion = 55;
	objects = {

/* Begin PBXBuildFile section */
		DEC36C3628C7CE0400E3AA50 /* AniselApp.swift in Sources */ = {isa = PBXBuildFile; fileRef = DEC36C3528C7CE0400E3AA50 /* AniselApp.swift */; };
		DEC36C3828C7CE0400E3AA50 /* ContentView.swift in Sources */ = {isa = PBXBuildFile; fileRef = DEC36C3728C7CE0400E3AA50 /* ContentView.swift */; };
		DEC36C3A28C7CE0700E3AA50 /* Assets.xcassets in Resources */ = {isa = PBXBuildFile; fileRef = DEC36C3928C7CE0700E3AA50 /* Assets.xcassets */; };
		DEC36C3D28C7CE0700E3AA50 /* Preview Assets.xcassets in Resources */ = {isa = PBXBuildFile; fileRef = DEC36C3C28C7CE0700E3AA50 /* Preview Assets.xcassets */; };
		DEC36C4628C7CFC500E3AA50 /* Post.swift in Sources */ = {isa = PBXBuildFile; fileRef = DEC36C4528C7CFC500E3AA50 /* Post.swift */; };
		DEC36C4928C7D03200E3AA50 /* AnimalInfo.swift in Sources */ = {isa = PBXBuildFile; fileRef = DEC36C4828C7D03200E3AA50 /* AnimalInfo.swift */; };
		DEC36C4B28C7D09C00E3AA50 /* Gender.swift in Sources */ = {isa = PBXBuildFile; fileRef = DEC36C4A28C7D09C00E3AA50 /* Gender.swift */; };
/* End PBXBuildFile section */

/* Begin PBXFileReference section */
		DEC36C3228C7CE0400E3AA50 /* Anisel.app */ = {isa = PBXFileReference; explicitFileType = wrapper.application; includeInIndex = 0; path = Anisel.app; sourceTree = BUILT_PRODUCTS_DIR; };
		DEC36C3528C7CE0400E3AA50 /* AniselApp.swift */ = {isa = PBXFileReference; lastKnownFileType = sourcecode.swift; path = AniselApp.swift; sourceTree = "<group>"; };
		DEC36C3728C7CE0400E3AA50 /* ContentView.swift */ = {isa = PBXFileReference; lastKnownFileType = sourcecode.swift; path = ContentView.swift; sourceTree = "<group>"; };
		DEC36C3928C7CE0700E3AA50 /* Assets.xcassets */ = {isa = PBXFileReference; lastKnownFileType = folder.assetcatalog; path = Assets.xcassets; sourceTree = "<group>"; };
		DEC36C3C28C7CE0700E3AA50 /* Preview Assets.xcassets */ = {isa = PBXFileReference; lastKnownFileType = folder.assetcatalog; path = "Preview Assets.xcassets"; sourceTree = "<group>"; };
		DEC36C4528C7CFC500E3AA50 /* Post.swift */ = {isa = PBXFileReference; lastKnownFileType = sourcecode.swift; path = Post.swift; sourceTree = "<group>"; };
		DEC36C4828C7D03200E3AA50 /* AnimalInfo.swift */ = {isa = PBXFileReference; lastKnownFileType = sourcecode.swift; path = AnimalInfo.swift; sourceTree = "<group>"; };
		DEC36C4A28C7D09C00E3AA50 /* Gender.swift */ = {isa = PBXFileReference; lastKnownFileType = sourcecode.swift; path = Gender.swift; sourceTree = "<group>"; };
/* End PBXFileReference section */

/* Begin PBXFrameworksBuildPhase section */
		DEC36C2F28C7CE0400E3AA50 /* Frameworks */ = {
			isa = PBXFrameworksBuildPhase;
			buildActionMask = 2147483647;
			files = (
			);
			runOnlyForDeploymentPostprocessing = 0;
		};
/* End PBXFrameworksBuildPhase section */

/* Begin PBXGroup section */
		DEC36C2928C7CE0300E3AA50 = {
			isa = PBXGroup;
			children = (
				DEC36C3428C7CE0400E3AA50 /* Anisel */,
				DEC36C3328C7CE0400E3AA50 /* Products */,
			);
			sourceTree = "<group>";
		};
		DEC36C3328C7CE0400E3AA50 /* Products */ = {
			isa = PBXGroup;
			children = (
				DEC36C3228C7CE0400E3AA50 /* Anisel.app */,
			);
			name = Products;
			sourceTree = "<group>";
		};
		DEC36C3428C7CE0400E3AA50 /* Anisel */ = {
			isa = PBXGroup;
			children = (
				DEC36C4728C7D01200E3AA50 /* Types */,
				DEC36C4428C7CF4600E3AA50 /* Pages */,
				DEC36C4328C7CF3A00E3AA50 /* Components */,
				DEC36C3528C7CE0400E3AA50 /* AniselApp.swift */,
				DEC36C3728C7CE0400E3AA50 /* ContentView.swift */,
				DEC36C3928C7CE0700E3AA50 /* Assets.xcassets */,
				DEC36C3B28C7CE0700E3AA50 /* Preview Content */,
			);
			path = Anisel;
			sourceTree = "<group>";
		};
		DEC36C3B28C7CE0700E3AA50 /* Preview Content */ = {
			isa = PBXGroup;
			children = (
				DEC36C3C28C7CE0700E3AA50 /* Preview Assets.xcassets */,
			);
			path = "Preview Content";
			sourceTree = "<group>";
		};
		DEC36C4328C7CF3A00E3AA50 /* Components */ = {
			isa = PBXGroup;
			children = (
				DEC36C4528C7CFC500E3AA50 /* Post.swift */,
			);
			path = Components;
			sourceTree = "<group>";
		};
		DEC36C4428C7CF4600E3AA50 /* Pages */ = {
			isa = PBXGroup;
			children = (
			);
			path = Pages;
			sourceTree = "<group>";
		};
		DEC36C4728C7D01200E3AA50 /* Types */ = {
			isa = PBXGroup;
			children = (
				DEC36C4828C7D03200E3AA50 /* AnimalInfo.swift */,
				DEC36C4A28C7D09C00E3AA50 /* Gender.swift */,
			);
			path = Types;
			sourceTree = "<group>";
		};
/* End PBXGroup section */

/* Begin PBXNativeTarget section */
		DEC36C3128C7CE0400E3AA50 /* Anisel */ = {
			isa = PBXNativeTarget;
			buildConfigurationList = DEC36C4028C7CE0700E3AA50 /* Build configuration list for PBXNativeTarget "Anisel" */;
			buildPhases = (
				DEC36C2E28C7CE0400E3AA50 /* Sources */,
				DEC36C2F28C7CE0400E3AA50 /* Frameworks */,
				DEC36C3028C7CE0400E3AA50 /* Resources */,
			);
			buildRules = (
			);
			dependencies = (
			);
			name = Anisel;
			productName = Anisel;
			productReference = DEC36C3228C7CE0400E3AA50 /* Anisel.app */;
			productType = "com.apple.product-type.application";
		};
/* End PBXNativeTarget section */

/* Begin PBXProject section */
		DEC36C2A28C7CE0300E3AA50 /* Project object */ = {
			isa = PBXProject;
			attributes = {
				BuildIndependentTargetsInParallel = 1;
				LastSwiftUpdateCheck = 1340;
				LastUpgradeCheck = 1340;
				TargetAttributes = {
					DEC36C3128C7CE0400E3AA50 = {
						CreatedOnToolsVersion = 13.4.1;
					};
				};
			};
			buildConfigurationList = DEC36C2D28C7CE0300E3AA50 /* Build configuration list for PBXProject "Anisel" */;
			compatibilityVersion = "Xcode 13.0";
			developmentRegion = en;
			hasScannedForEncodings = 0;
			knownRegions = (
				en,
				Base,
			);
			mainGroup = DEC36C2928C7CE0300E3AA50;
			productRefGroup = DEC36C3328C7CE0400E3AA50 /* Products */;
			projectDirPath = "";
			projectRoot = "";
			targets = (
				DEC36C3128C7CE0400E3AA50 /* Anisel */,
			);
		};
/* End PBXProject section */

/* Begin PBXResourcesBuildPhase section */
		DEC36C3028C7CE0400E3AA50 /* Resources */ = {
			isa = PBXResourcesBuildPhase;
			buildActionMask = 2147483647;
			files = (
				DEC36C3D28C7CE0700E3AA50 /* Preview Assets.xcassets in Resources */,
				DEC36C3A28C7CE0700E3AA50 /* Assets.xcassets in Resources */,
			);
			runOnlyForDeploymentPostprocessing = 0;
		};
/* End PBXResourcesBuildPhase section */

/* Begin PBXSourcesBuildPhase section */
		DEC36C2E28C7CE0400E3AA50 /* Sources */ = {
			isa = PBXSourcesBuildPhase;
			buildActionMask = 2147483647;
			files = (
				DEC36C4628C7CFC500E3AA50 /* Post.swift in Sources */,
				DEC36C4B28C7D09C00E3AA50 /* Gender.swift in Sources */,
				DEC36C4928C7D03200E3AA50 /* AnimalInfo.swift in Sources */,
				DEC36C3828C7CE0400E3AA50 /* ContentView.swift in Sources */,
				DEC36C3628C7CE0400E3AA50 /* AniselApp.swift in Sources */,
			);
			runOnlyForDeploymentPostprocessing = 0;
		};
/* End PBXSourcesBuildPhase section */

/* Begin XCBuildConfiguration section */
		DEC36C3E28C7CE0700E3AA50 /* Debug */ = {
			isa = XCBuildConfiguration;
			buildSettings = {
				ALWAYS_SEARCH_USER_PATHS = NO;
				CLANG_ANALYZER_NONNULL = YES;
				CLANG_ANALYZER_NUMBER_OBJECT_CONVERSION = YES_AGGRESSIVE;
				CLANG_CXX_LANGUAGE_STANDARD = "gnu++17";
				CLANG_ENABLE_MODULES = YES;
				CLANG_ENABLE_OBJC_ARC = YES;
				CLANG_ENABLE_OBJC_WEAK = YES;
				CLANG_WARN_BLOCK_CAPTURE_AUTORELEASING = YES;
				CLANG_WARN_BOOL_CONVERSION = YES;
				CLANG_WARN_COMMA = YES;
				CLANG_WARN_CONSTANT_CONVERSION = YES;
				CLANG_WARN_DEPRECATED_OBJC_IMPLEMENTATIONS = YES;
				CLANG_WARN_DIRECT_OBJC_ISA_USAGE = YES_ERROR;
				CLANG_WARN_DOCUMENTATION_COMMENTS = YES;
				CLANG_WARN_EMPTY_BODY = YES;
				CLANG_WARN_ENUM_CONVERSION = YES;
				CLANG_WARN_INFINITE_RECURSION = YES;
				CLANG_WARN_INT_CONVERSION = YES;
				CLANG_WARN_NON_LITERAL_NULL_CONVERSION = YES;
				CLANG_WARN_OBJC_IMPLICIT_RETAIN_SELF = YES;
				CLANG_WARN_OBJC_LITERAL_CONVERSION = YES;
				CLANG_WARN_OBJC_ROOT_CLASS = YES_ERROR;
				CLANG_WARN_QUOTED_INCLUDE_IN_FRAMEWORK_HEADER = YES;
				CLANG_WARN_RANGE_LOOP_ANALYSIS = YES;
				CLANG_WARN_STRICT_PROTOTYPES = YES;
				CLANG_WARN_SUSPICIOUS_MOVE = YES;
				CLANG_WARN_UNGUARDED_AVAILABILITY = YES_AGGRESSIVE;
				CLANG_WARN_UNREACHABLE_CODE = YES;
				CLANG_WARN__DUPLICATE_METHOD_MATCH = YES;
				COPY_PHASE_STRIP = NO;
				DEBUG_INFORMATION_FORMAT = dwarf;
				ENABLE_STRICT_OBJC_MSGSEND = YES;
				ENABLE_TESTABILITY = YES;
				GCC_C_LANGUAGE_STANDARD = gnu11;
				GCC_DYNAMIC_NO_PIC = NO;
				GCC_NO_COMMON_BLOCKS = YES;
				GCC_OPTIMIZATION_LEVEL = 0;
				GCC_PREPROCESSOR_DEFINITIONS = (
					"DEBUG=1",
					"$(inherited)",
				);
				GCC_WARN_64_TO_32_BIT_CONVERSION = YES;
				GCC_WARN_ABOUT_RETURN_TYPE = YES_ERROR;
				GCC_WARN_UNDECLARED_SELECTOR = YES;
				GCC_WARN_UNINITIALIZED_AUTOS = YES_AGGRESSIVE;
				GCC_WARN_UNUSED_FUNCTION = YES;
				GCC_WARN_UNUSED_VARIABLE = YES;
				IPHONEOS_DEPLOYMENT_TARGET = 15.5;
				MTL_ENABLE_DEBUG_INFO = INCLUDE_SOURCE;
				MTL_FAST_MATH = YES;
				ONLY_ACTIVE_ARCH = YES;
				SDKROOT = iphoneos;
				SWIFT_ACTIVE_COMPILATION_CONDITIONS = DEBUG;
				SWIFT_OPTIMIZATION_LEVEL = "-Onone";
			};
			name = Debug;
		};
		DEC36C3F28C7CE0700E3AA50 /* Release */ = {
			isa = XCBuildConfiguration;
			buildSettings = {
				ALWAYS_SEARCH_USER_PATHS = NO;
				CLANG_ANALYZER_NONNULL = YES;
				CLANG_ANALYZER_NUMBER_OBJECT_CONVERSION = YES_AGGRESSIVE;
				CLANG_CXX_LANGUAGE_STANDARD = "gnu++17";
				CLANG_ENABLE_MODULES = YES;
				CLANG_ENABLE_OBJC_ARC = YES;
				CLANG_ENABLE_OBJC_WEAK = YES;
				CLANG_WARN_BLOCK_CAPTURE_AUTORELEASING = YES;
				CLANG_WARN_BOOL_CONVERSION = YES;
				CLANG_WARN_COMMA = YES;
				CLANG_WARN_CONSTANT_CONVERSION = YES;
				CLANG_WARN_DEPRECATED_OBJC_IMPLEMENTATIONS = YES;
				CLANG_WARN_DIRECT_OBJC_ISA_USAGE = YES_ERROR;
				CLANG_WARN_DOCUMENTATION_COMMENTS = YES;
				CLANG_WARN_EMPTY_BODY = YES;
				CLANG_WARN_ENUM_CONVERSION = YES;
				CLANG_WARN_INFINITE_RECURSION = YES;
				CLANG_WARN_INT_CONVERSION = YES;
				CLANG_WARN_NON_LITERAL_NULL_CONVERSION = YES;
				CLANG_WARN_OBJC_IMPLICIT_RETAIN_SELF = YES;
				CLANG_WARN_OBJC_LITERAL_CONVERSION = YES;
				CLANG_WARN_OBJC_ROOT_CLASS = YES_ERROR;
				CLANG_WARN_QUOTED_INCLUDE_IN_FRAMEWORK_HEADER = YES;
				CLANG_WARN_RANGE_LOOP_ANALYSIS = YES;
				CLANG_WARN_STRICT_PROTOTYPES = YES;
				CLANG_WARN_SUSPICIOUS_MOVE = YES;
				CLANG_WARN_UNGUARDED_AVAILABILITY = YES_AGGRESSIVE;
				CLANG_WARN_UNREACHABLE_CODE = YES;
				CLANG_WARN__DUPLICATE_METHOD_MATCH = YES;
				COPY_PHASE_STRIP = NO;
				DEBUG_INFORMATION_FORMAT = "dwarf-with-dsym";
				ENABLE_NS_ASSERTIONS = NO;
				ENABLE_STRICT_OBJC_MSGSEND = YES;
				GCC_C_LANGUAGE_STANDARD = gnu11;
				GCC_NO_COMMON_BLOCKS = YES;
				GCC_WARN_64_TO_32_BIT_CONVERSION = YES;
				GCC_WARN_ABOUT_RETURN_TYPE = YES_ERROR;
				GCC_WARN_UNDECLARED_SELECTOR = YES;
				GCC_WARN_UNINITIALIZED_AUTOS = YES_AGGRESSIVE;
				GCC_WARN_UNUSED_FUNCTION = YES;
				GCC_WARN_UNUSED_VARIABLE = YES;
				IPHONEOS_DEPLOYMENT_TARGET = 15.5;
				MTL_ENABLE_DEBUG_INFO = NO;
				MTL_FAST_MATH = YES;
				SDKROOT = iphoneos;
				SWIFT_COMPILATION_MODE = wholemodule;
				SWIFT_OPTIMIZATION_LEVEL = "-O";
				VALIDATE_PRODUCT = YES;
			};
			name = Release;
		};
		DEC36C4128C7CE0700E3AA50 /* Debug */ = {
			isa = XCBuildConfiguration;
			buildSettings = {
				ASSETCATALOG_COMPILER_APPICON_NAME = AppIcon;
				ASSETCATALOG_COMPILER_GLOBAL_ACCENT_COLOR_NAME = AccentColor;
				CODE_SIGN_STYLE = Automatic;
				CURRENT_PROJECT_VERSION = 1;
				DEVELOPMENT_ASSET_PATHS = "\"Anisel/Preview Content\"";
				DEVELOPMENT_TEAM = P88SQ3984Z;
				ENABLE_PREVIEWS = YES;
				GENERATE_INFOPLIST_FILE = YES;
				INFOPLIST_KEY_UIApplicationSceneManifest_Generation = YES;
				INFOPLIST_KEY_UIApplicationSupportsIndirectInputEvents = YES;
				INFOPLIST_KEY_UILaunchScreen_Generation = YES;
				INFOPLIST_KEY_UISupportedInterfaceOrientations_iPad = "UIInterfaceOrientationPortrait UIInterfaceOrientationPortraitUpsideDown UIInterfaceOrientationLandscapeLeft UIInterfaceOrientationLandscapeRight";
				INFOPLIST_KEY_UISupportedInterfaceOrientations_iPhone = "UIInterfaceOrientationPortrait UIInterfaceOrientationLandscapeLeft UIInterfaceOrientationLandscapeRight";
				LD_RUNPATH_SEARCH_PATHS = (
					"$(inherited)",
					"@executable_path/Frameworks",
				);
				MARKETING_VERSION = 1.0;
				PRODUCT_BUNDLE_IDENTIFIER = com.anisel.Anisel;
				PRODUCT_NAME = "$(TARGET_NAME)";
				SWIFT_EMIT_LOC_STRINGS = YES;
				SWIFT_VERSION = 5.0;
				TARGETED_DEVICE_FAMILY = "1,2";
			};
			name = Debug;
		};
		DEC36C4228C7CE0700E3AA50 /* Release */ = {
			isa = XCBuildConfiguration;
			buildSettings = {
				ASSETCATALOG_COMPILER_APPICON_NAME = AppIcon;
				ASSETCATALOG_COMPILER_GLOBAL_ACCENT_COLOR_NAME = AccentColor;
				CODE_SIGN_STYLE = Automatic;
				CURRENT_PROJECT_VERSION = 1;
				DEVELOPMENT_ASSET_PATHS = "\"Anisel/Preview Content\"";
				DEVELOPMENT_TEAM = P88SQ3984Z;
				ENABLE_PREVIEWS = YES;
				GENERATE_INFOPLIST_FILE = YES;
				INFOPLIST_KEY_UIApplicationSceneManifest_Generation = YES;
				INFOPLIST_KEY_UIApplicationSupportsIndirectInputEvents = YES;
				INFOPLIST_KEY_UILaunchScreen_Generation = YES;
				INFOPLIST_KEY_UISupportedInterfaceOrientations_iPad = "UIInterfaceOrientationPortrait UIInterfaceOrientationPortraitUpsideDown UIInterfaceOrientationLandscapeLeft UIInterfaceOrientationLandscapeRight";
				INFOPLIST_KEY_UISupportedInterfaceOrientations_iPhone = "UIInterfaceOrientationPortrait UIInterfaceOrientationLandscapeLeft UIInterfaceOrientationLandscapeRight";
				LD_RUNPATH_SEARCH_PATHS = (
					"$(inherited)",
					"@executable_path/Frameworks",
				);
				MARKETING_VERSION = 1.0;
				PRODUCT_BUNDLE_IDENTIFIER = com.anisel.Anisel;
				PRODUCT_NAME = "$(TARGET_NAME)";
				SWIFT_EMIT_LOC_STRINGS = YES;
				SWIFT_VERSION = 5.0;
				TARGETED_DEVICE_FAMILY = "1,2";
			};
			name = Release;
		};
/* End XCBuildConfiguration section */

/* Begin XCConfigurationList section */
		DEC36C2D28C7CE0300E3AA50 /* Build configuration list for PBXProject "Anisel" */ = {
			isa = XCConfigurationList;
			buildConfigurations = (
				DEC36C3E28C7CE0700E3AA50 /* Debug */,
				DEC36C3F28C7CE0700E3AA50 /* Release */,
			);
			defaultConfigurationIsVisible = 0;
			defaultConfigurationName = Release;
		};
		DEC36C4028C7CE0700E3AA50 /* Build configuration list for PBXNativeTarget "Anisel" */ = {
			isa = XCConfigurationList;
			buildConfigurations = (
				DEC36C4128C7CE0700E3AA50 /* Debug */,
				DEC36C4228C7CE0700E3AA50 /* Release */,
			);
			defaultConfigurationIsVisible = 0;
			defaultConfigurationName = Release;
		};
/* End XCConfigurationList section */
	};
	rootObject = DEC36C2A28C7CE0300E3AA50 /* Project object */;
}
